
Microsoft Visual Studio Solution File, Format Version 12.00
# Visual Studio Version 16
VisualStudioVersion = 16.0.32126.315
MinimumVisualStudioVersion = 10.0.40219.1
Project("{FAE04EC0-301F-11D3-BF4B-00C04F79EFBC}") = "EmployeesSystemAPI", "EmployeesSystemAPI.csproj", "{7FFBA851-7F97-4F2C-B371-FC23BABBF156}"
EndProject
Global
	GlobalSection(SolutionConfigurationPlatforms) = preSolution
		Debug|Any CPU = Debug|Any CPU
		Release|Any CPU = Release|Any CPU
	EndGlobalSection
	GlobalSection(ProjectConfigurationPlatforms) = postSolution
		{7FFBA851-7F97-4F2C-B371-FC23BABBF156}.Debug|Any CPU.ActiveCfg = Debug|Any CPU
		{7FFBA851-7F97-4F2C-B371-FC23BABBF156}.Debug|Any CPU.Build.0 = Debug|Any CPU
		{7FFBA851-7F97-4F2C-B371-FC23BABBF156}.Release|Any CPU.ActiveCfg = Release|Any CPU
		{7FFBA851-7F97-4F2C-B371-FC23BABBF156}.Release|Any CPU.Build.0 = Release|Any CPU
	EndGlobalSection
	GlobalSection(SolutionProperties) = preSolution
		HideSolutionNode = FALSE
	EndGlobalSection
	GlobalSection(ExtensibilityGlobals) = postSolution
		SolutionGuid = {0E203DB8-D054-4FED-B823-7535133B93A8}
	EndGlobalSection
EndGlobal
